# Pinned upstream source for vendored EvidenceOS crates.
# Temporary canonical upstream until EvidenceOS org repository is restored.
EVIDENCEOS_REPO="https://github.com/jverdicc/EvidenceOS.git"
EVIDENCEOS_REV="forc-submission-v1.0"

# Vendored crates that must remain byte-identical to the pinned commit.
EVIDENCEOS_VENDORED_CRATES=(
  "crates/evidenceos-auth-protocol"
  "crates/evidenceos-core"
  "crates/evidenceos-redteam"
  "crates/evidenceos-verifier"
)
